lockfileVersion: '9.0'

settings:
  autoInstallPeers: true
  excludeLinksFromLockfile: false

importers:

  .:
    devDependencies:
      hono:
        specifier: ^4.4.8
        version: 4.4.8
      typescript:
        specifier: ^5.5.2
        version: 5.5.2

packages:

  hono@4.4.8:
    resolution: {integrity: sha512-eewnSgTzdWgFVn97kPV24h+9UVNUQ+9mj6IRxr7dBseTaTBSHtFo/T/vRNcqJkQFysVoXyecflr3Xe/fdvzEpQ==}
    engines: {node: '>=16.0.0'}

  typescript@5.5.2:
    resolution: {integrity: sha512-NcRtPEOsPFFWjobJEtfihkLCZCXZt/os3zf8nTxjVH3RvTSxjrCamJpbExGvYOF+tFHc3pA65qpdwPbzjohhew==}
    engines: {node: '>=14.17'}
    hasBin: true

snapshots:

  hono@4.4.8: {}

  typescript@5.5.2: {}
